
Microsoft Visual Studio Solution File, Format Version 12.00
# Visual Studio Version 17
VisualStudioVersion = 17.3.32901.215
MinimumVisualStudioVersion = 10.0.40219.1
Project("{FAE04EC0-301F-11D3-BF4B-00C04F79EFBC}") = "TE_CSharp", "TE_CSharp.csproj", "{014D3B65-14BD-4E89-8AEE-182A502EB748}"
EndProject
Global
	GlobalSection(SolutionConfigurationPlatforms) = preSolution
		Debug|Any CPU = Debug|Any CPU
		Release|Any CPU = Release|Any CPU
	EndGlobalSection
	GlobalSection(ProjectConfigurationPlatforms) = postSolution
		{014D3B65-14BD-4E89-8AEE-182A502EB748}.Debug|Any CPU.ActiveCfg = Debug|Any CPU
		{014D3B65-14BD-4E89-8AEE-182A502EB748}.Debug|Any CPU.Build.0 = Debug|Any CPU
		{014D3B65-14BD-4E89-8AEE-182A502EB748}.Release|Any CPU.ActiveCfg = Release|Any CPU
		{014D3B65-14BD-4E89-8AEE-182A502EB748}.Release|Any CPU.Build.0 = Release|Any CPU
	EndGlobalSection
	GlobalSection(SolutionProperties) = preSolution
		HideSolutionNode = FALSE
	EndGlobalSection
	GlobalSection(ExtensibilityGlobals) = postSolution
		SolutionGuid = {880FE320-E364-4357-889D-A82DC07C13DB}
	EndGlobalSection
EndGlobal
